
Microsoft Visual Studio Solution File, Format Version 12.00
# Visual Studio Version 17
VisualStudioVersion = 17.5.33414.496
MinimumVisualStudioVersion = 10.0.40219.1
Project("{FAE04EC0-301F-11D3-BF4B-00C04F79EFBC}") = "EnDeCode", "EnDeCode\EnDeCode.csproj", "{03906264-C2DC-42C4-9358-4D9299DAE566}"
EndProject
Global
	GlobalSection(SolutionConfigurationPlatforms) = preSolution
		Debug|Any CPU = Debug|Any CPU
		Release|Any CPU = Release|Any CPU
	EndGlobalSection
	GlobalSection(ProjectConfigurationPlatforms) = postSolution
		{03906264-C2DC-42C4-9358-4D9299DAE566}.Debug|Any CPU.ActiveCfg = Debug|Any CPU
		{03906264-C2DC-42C4-9358-4D9299DAE566}.Debug|Any CPU.Build.0 = Debug|Any CPU
		{03906264-C2DC-42C4-9358-4D9299DAE566}.Release|Any CPU.ActiveCfg = Release|Any CPU
		{03906264-C2DC-42C4-9358-4D9299DAE566}.Release|Any CPU.Build.0 = Release|Any CPU
	EndGlobalSection
	GlobalSection(SolutionProperties) = preSolution
		HideSolutionNode = FALSE
	EndGlobalSection
	GlobalSection(ExtensibilityGlobals) = postSolution
		SolutionGuid = {33CCB75C-BE20-4209-B265-D21916A4784A}
	EndGlobalSection
EndGlobal
